github.com/thorsphere/tserr v1.17.0 h1:raeEctWnpao0SwWbBd9Dk/NerS1OHkm1N8zzBdQIwxM=
github.com/thorsphere/tserr v1.17.0/go.mod h1:RFYzM4J/cQaehAUFKf9yvVOkcGtl7CcymyS3qiOfgBA=
github.com/thorsphere/tsfio v1.7.0 h1:44p0zOqrmriM95PFj1gqSRae4xhxpJA1lVaNozuQ+Bg=
github.com/thorsphere/tsfio v1.7.0/go.mod h1:OAinQ/FtwfjA3GxWaKGsFKwyhu5rIIy2T4lH/mccR0g=
